
Microsoft Visual Studio Solution File, Format Version 12.00
# Visual Studio Version 16
VisualStudioVersion = 16.0.31129.286
MinimumVisualStudioVersion = 10.0.40219.1
Project("{9A19103F-16F7-4668-BE54-9A1E7A4F7556}") = "eShopSolution.WebApp", "eShopSolution.WebApp\eShopSolution.WebApp.csproj", "{FD0EC6CD-234C-4904-82F5-090CB2BD3FEC}"
EndProject
Project("{2150E333-8FDC-42A3-9474-1A3956D46DE8}") = "0. Solution Items", "0. Solution Items", "{3BF7B1FD-7E61-4250-90E1-99E8DBA38923}"
	ProjectSection(SolutionItems) = preProject
		README.md = README.md
	EndProjectSection
EndProject
Project("{9A19103F-16F7-4668-BE54-9A1E7A4F7556}") = "eShopSolution.Data", "eShopSolution.Data\eShopSolution.Data.csproj", "{548EB227-AFF4-4DC1-842B-EF0170713A32}"
EndProject
Project("{9A19103F-16F7-4668-BE54-9A1E7A4F7556}") = "eShopSolution.Application", "eShopSolution.Application\eShopSolution.Application.csproj", "{F1F56A96-7CB2-477E-9B38-00435FA173A6}"
EndProject
Project("{9A19103F-16F7-4668-BE54-9A1E7A4F7556}") = "eShopSolution.Utilities", "eShopSolution.Utilities\eShopSolution.Utilities.csproj", "{C7A68869-8D1F-49D4-8389-57E2CBD1763D}"
EndProject
Project("{9A19103F-16F7-4668-BE54-9A1E7A4F7556}") = "eShopSolution.ViewModels", "eShopSolution.ViewModels\eShopSolution.ViewModels.csproj", "{C1AD0EE4-958D-414C-97C4-B9AEC049437F}"
EndProject
Project("{9A19103F-16F7-4668-BE54-9A1E7A4F7556}") = "eShopSolution.BackendAPI", "eShopSolution.BackendAPI\eShopSolution.BackendAPI.csproj", "{19EE130F-D2DD-428D-A707-E5574A2F3A43}"
EndProject
Project("{2150E333-8FDC-42A3-9474-1A3956D46DE8}") = "1. Infrastructure", "1. Infrastructure", "{FEAF83F3-F4F1-4328-930C-35F4DB8D267A}"
EndProject
Project("{2150E333-8FDC-42A3-9474-1A3956D46DE8}") = "2. Domain", "2. Domain", "{38F056C7-7112-480C-84F4-28312EA39118}"
EndProject
Project("{2150E333-8FDC-42A3-9474-1A3956D46DE8}") = "3. Hosts", "3. Hosts", "{2C5B7B58-27E4-4D22-9FED-09BBC149D183}"
EndProject
Project("{9A19103F-16F7-4668-BE54-9A1E7A4F7556}") = "eShopSolution.AdminApp", "eShopSolution.AdminApp\eShopSolution.AdminApp.csproj", "{48F13266-6C46-441D-BEE5-2141F0BBBD5E}"
EndProject
Project("{9A19103F-16F7-4668-BE54-9A1E7A4F7556}") = "eShopSolution.ApiIntegration", "eShopSolution.ApiIntegration\eShopSolution.ApiIntegration.csproj", "{888B91BB-AA4E-454E-9284-0CE2161BF488}"
EndProject
Project("{FAE04EC0-301F-11D3-BF4B-00C04F79EFBC}") = "eShopSolution.ReactAPI", "eShopSolution.ReactAPI\eShopSolution.ReactAPI.csproj", "{B18BF0E0-902A-4CAA-B131-78D3E8E734EE}"
EndProject
Global
	GlobalSection(SolutionConfigurationPlatforms) = preSolution
		Debug|Any CPU = Debug|Any CPU
		Release|Any CPU = Release|Any CPU
	EndGlobalSection
	GlobalSection(ProjectConfigurationPlatforms) = postSolution
		{FD0EC6CD-234C-4904-82F5-090CB2BD3FEC}.Debug|Any CPU.ActiveCfg = Debug|Any CPU
		{FD0EC6CD-234C-4904-82F5-090CB2BD3FEC}.Debug|Any CPU.Build.0 = Debug|Any CPU
		{FD0EC6CD-234C-4904-82F5-090CB2BD3FEC}.Release|Any CPU.ActiveCfg = Release|Any CPU
		{FD0EC6CD-234C-4904-82F5-090CB2BD3FEC}.Release|Any CPU.Build.0 = Release|Any CPU
		{548EB227-AFF4-4DC1-842B-EF0170713A32}.Debug|Any CPU.ActiveCfg = Debug|Any CPU
		{548EB227-AFF4-4DC1-842B-EF0170713A32}.Debug|Any CPU.Build.0 = Debug|Any CPU
		{548EB227-AFF4-4DC1-842B-EF0170713A32}.Release|Any CPU.ActiveCfg = Release|Any CPU
		{548EB227-AFF4-4DC1-842B-EF0170713A32}.Release|Any CPU.Build.0 = Release|Any CPU
		{F1F56A96-7CB2-477E-9B38-00435FA173A6}.Debug|Any CPU.ActiveCfg = Debug|Any CPU
		{F1F56A96-7CB2-477E-9B38-00435FA173A6}.Debug|Any CPU.Build.0 = Debug|Any CPU
		{F1F56A96-7CB2-477E-9B38-00435FA173A6}.Release|Any CPU.ActiveCfg = Release|Any CPU
		{F1F56A96-7CB2-477E-9B38-00435FA173A6}.Release|Any CPU.Build.0 = Release|Any CPU
		{C7A68869-8D1F-49D4-8389-57E2CBD1763D}.Debug|Any CPU.ActiveCfg = Debug|Any CPU
		{C7A68869-8D1F-49D4-8389-57E2CBD1763D}.Debug|Any CPU.Build.0 = Debug|Any CPU
		{C7A68869-8D1F-49D4-8389-57E2CBD1763D}.Release|Any CPU.ActiveCfg = Release|Any CPU
		{C7A68869-8D1F-49D4-8389-57E2CBD1763D}.Release|Any CPU.Build.0 = Release|Any CPU
		{C1AD0EE4-958D-414C-97C4-B9AEC049437F}.Debug|Any CPU.ActiveCfg = Debug|Any CPU
		{C1AD0EE4-958D-414C-97C4-B9AEC049437F}.Debug|Any CPU.Build.0 = Debug|Any CPU
		{C1AD0EE4-958D-414C-97C4-B9AEC049437F}.Release|Any CPU.ActiveCfg = Release|Any CPU
		{C1AD0EE4-958D-414C-97C4-B9AEC049437F}.Release|Any CPU.Build.0 = Release|Any CPU
		{19EE130F-D2DD-428D-A707-E5574A2F3A43}.Debug|Any CPU.ActiveCfg = Debug|Any CPU
		{19EE130F-D2DD-428D-A707-E5574A2F3A43}.Debug|Any CPU.Build.0 = Debug|Any CPU
		{19EE130F-D2DD-428D-A707-E5574A2F3A43}.Release|Any CPU.ActiveCfg = Release|Any CPU
		{19EE130F-D2DD-428D-A707-E5574A2F3A43}.Release|Any CPU.Build.0 = Release|Any CPU
		{48F13266-6C46-441D-BEE5-2141F0BBBD5E}.Debug|Any CPU.ActiveCfg = Debug|Any CPU
		{48F13266-6C46-441D-BEE5-2141F0BBBD5E}.Debug|Any CPU.Build.0 = Debug|Any CPU
		{48F13266-6C46-441D-BEE5-2141F0BBBD5E}.Release|Any CPU.ActiveCfg = Release|Any CPU
		{48F13266-6C46-441D-BEE5-2141F0BBBD5E}.Release|Any CPU.Build.0 = Release|Any CPU
		{888B91BB-AA4E-454E-9284-0CE2161BF488}.Debug|Any CPU.ActiveCfg = Debug|Any CPU
		{888B91BB-AA4E-454E-9284-0CE2161BF488}.Debug|Any CPU.Build.0 = Debug|Any CPU
		{888B91BB-AA4E-454E-9284-0CE2161BF488}.Release|Any CPU.ActiveCfg = Release|Any CPU
		{888B91BB-AA4E-454E-9284-0CE2161BF488}.Release|Any CPU.Build.0 = Release|Any CPU
		{B18BF0E0-902A-4CAA-B131-78D3E8E734EE}.Debug|Any CPU.ActiveCfg = Debug|Any CPU
		{B18BF0E0-902A-4CAA-B131-78D3E8E734EE}.Debug|Any CPU.Build.0 = Debug|Any CPU
		{B18BF0E0-902A-4CAA-B131-78D3E8E734EE}.Release|Any CPU.ActiveCfg = Release|Any CPU
		{B18BF0E0-902A-4CAA-B131-78D3E8E734EE}.Release|Any CPU.Build.0 = Release|Any CPU
	EndGlobalSection
	GlobalSection(SolutionProperties) = preSolution
		HideSolutionNode = FALSE
	EndGlobalSection
	GlobalSection(NestedProjects) = preSolution
		{FD0EC6CD-234C-4904-82F5-090CB2BD3FEC} = {2C5B7B58-27E4-4D22-9FED-09BBC149D183}
		{548EB227-AFF4-4DC1-842B-EF0170713A32} = {38F056C7-7112-480C-84F4-28312EA39118}
		{F1F56A96-7CB2-477E-9B38-00435FA173A6} = {38F056C7-7112-480C-84F4-28312EA39118}
		{C7A68869-8D1F-49D4-8389-57E2CBD1763D} = {FEAF83F3-F4F1-4328-930C-35F4DB8D267A}
		{C1AD0EE4-958D-414C-97C4-B9AEC049437F} = {FEAF83F3-F4F1-4328-930C-35F4DB8D267A}
		{19EE130F-D2DD-428D-A707-E5574A2F3A43} = {2C5B7B58-27E4-4D22-9FED-09BBC149D183}
		{48F13266-6C46-441D-BEE5-2141F0BBBD5E} = {2C5B7B58-27E4-4D22-9FED-09BBC149D183}
		{888B91BB-AA4E-454E-9284-0CE2161BF488} = {2C5B7B58-27E4-4D22-9FED-09BBC149D183}
		{B18BF0E0-902A-4CAA-B131-78D3E8E734EE} = {2C5B7B58-27E4-4D22-9FED-09BBC149D183}
	EndGlobalSection
	GlobalSection(ExtensibilityGlobals) = postSolution
		SolutionGuid = {33A0493D-AD8E-4C63-98BD-5449D360A5BF}
	EndGlobalSection
EndGlobal
